
Microsoft Visual Studio Solution File, Format Version 12.00
# Visual Studio Version 17
VisualStudioVersion = 17.4.33213.308
MinimumVisualStudioVersion = 10.0.40219.1
Project("{9A19103F-16F7-4668-BE54-9A1E7A4F7556}") = "ETL_SFC_Model", "ETL_SFC_Model\ETL_SFC_Model.csproj", "{086AEB79-68AE-477E-8098-446A9EB6EAD7}"
EndProject
Project("{9A19103F-16F7-4668-BE54-9A1E7A4F7556}") = "ETL_SFC_WindowsForms", "ETL_SFC_WindowsForms\ETL_SFC_WindowsForms.csproj", "{4641FA0B-A9BB-4373-8867-0A9538D64551}"
EndProject
Global
	GlobalSection(SolutionConfigurationPlatforms) = preSolution
		Debug|Any CPU = Debug|Any CPU
		Release|Any CPU = Release|Any CPU
	EndGlobalSection
	GlobalSection(ProjectConfigurationPlatforms) = postSolution
		{086AEB79-68AE-477E-8098-446A9EB6EAD7}.Debug|Any CPU.ActiveCfg = Debug|Any CPU
		{086AEB79-68AE-477E-8098-446A9EB6EAD7}.Debug|Any CPU.Build.0 = Debug|Any CPU
		{086AEB79-68AE-477E-8098-446A9EB6EAD7}.Release|Any CPU.ActiveCfg = Release|Any CPU
		{086AEB79-68AE-477E-8098-446A9EB6EAD7}.Release|Any CPU.Build.0 = Release|Any CPU
		{4641FA0B-A9BB-4373-8867-0A9538D64551}.Debug|Any CPU.ActiveCfg = Debug|Any CPU
		{4641FA0B-A9BB-4373-8867-0A9538D64551}.Debug|Any CPU.Build.0 = Debug|Any CPU
		{4641FA0B-A9BB-4373-8867-0A9538D64551}.Release|Any CPU.ActiveCfg = Release|Any CPU
		{4641FA0B-A9BB-4373-8867-0A9538D64551}.Release|Any CPU.Build.0 = Release|Any CPU
	EndGlobalSection
	GlobalSection(SolutionProperties) = preSolution
		HideSolutionNode = FALSE
	EndGlobalSection
	GlobalSection(ExtensibilityGlobals) = postSolution
		SolutionGuid = {D5CB315C-CA89-4B13-9AFC-8E3D8BC1C25F}
	EndGlobalSection
EndGlobal
